PODS:
  - PMUtils (0.9.2):
    - PMUtils/Foundation+PMUtils
    - PMUtils/PMAnimationOperation
    - PMUtils/PMCollectionViewSwipeCell
    - PMUtils/PMImageFilmstrip
    - PMUtils/PMInnerShadowView
    - PMUtils/PMOrderedDictionary
    - PMUtils/PMPair
    - PMUtils/PMProtocolInterceptor
    - PMUtils/UIKit+PMUtils
  - PMUtils/Foundation+PMUtils (0.9.2)
  - PMUtils/PMAnimationOperation (0.9.2)
  - PMUtils/PMCollectionViewSwipeCell (0.9.2):
    - PMUtils/UIKit+PMUtils
  - PMUtils/PMImageFilmstrip (0.9.2):
    - PMUtils/UIKit+PMUtils
  - PMUtils/PMInnerShadowView (0.9.2)
  - PMUtils/PMOrderedDictionary (0.9.2)
  - PMUtils/PMPair (0.9.2)
  - PMUtils/PMProtocolInterceptor (0.9.2)
  - PMUtils/UIKit+PMUtils (0.9.2):
    - PMUtils/Foundation+PMUtils

DEPENDENCIES:
  - PMUtils (from `../PMUtils.podspec`)

EXTERNAL SOURCES:
  PMUtils:
    :path: ../PMUtils.podspec

SPEC CHECKSUMS:
  PMUtils: c223651846ed75cf6eb5bb700c5e600e5cb239f4

COCOAPODS: 0.33.1
