PODS:
  - PMUtils (1.0.0):
    - PMUtils/Foundation+PMUtils
    - PMUtils/PMAnimationOperation
    - PMUtils/PMCollectionViewSwipeCell
    - PMUtils/PMImageFilmstrip
    - PMUtils/PMInnerShadowView
    - PMUtils/PMOrderedDictionary
    - PMUtils/PMProtocolInterceptor
    - PMUtils/UIKit+PMUtils
  - PMUtils/Foundation+PMUtils (1.0.0)
  - PMUtils/PMAnimationOperation (1.0.0)
  - PMUtils/PMCollectionViewSwipeCell (1.0.0):
    - PMUtils/UIKit+PMUtils
  - PMUtils/PMImageFilmstrip (1.0.0):
    - PMUtils/UIKit+PMUtils
  - PMUtils/PMInnerShadowView (1.0.0)
  - PMUtils/PMOrderedDictionary (1.0.0)
  - PMUtils/PMProtocolInterceptor (1.0.0)
  - PMUtils/UIKit+PMUtils (1.0.0):
    - PMUtils/Foundation+PMUtils

DEPENDENCIES:
  - PMUtils (from `../PMUtils.podspec`)

EXTERNAL SOURCES:
  PMUtils:
    :path: ../PMUtils.podspec

SPEC CHECKSUMS:
  PMUtils: a55e61cf9846dccba94eaf41469d829de130ce9c

COCOAPODS: 0.33.1
