PODS:
  - PMUtils (1.1.1):
    - PMUtils/Foundation+PMUtils (= 1.1.1)
    - PMUtils/PMAnimationOperation (= 1.1.1)
    - PMUtils/PMCollectionViewSwipeCell (= 1.1.1)
    - PMUtils/PMFloatLabel (= 1.1.1)
    - PMUtils/PMGradientView (= 1.1.1)
    - PMUtils/PMImageFilmstrip (= 1.1.1)
    - PMUtils/PMInfiniteScrollView (= 1.1.1)
    - PMUtils/PMInnerShadowView (= 1.1.1)
    - PMUtils/PMKeyboardListener (= 1.1.1)
    - PMUtils/PMOrderedDictionary (= 1.1.1)
    - PMUtils/PMProgressHUD (= 1.1.1)
    - PMUtils/PMProtocolInterceptor (= 1.1.1)
    - PMUtils/PMRoundedBorderView (= 1.1.1)
    - PMUtils/PMStickyHeaderFlowLayout (= 1.1.1)
    - PMUtils/UIKit+PMUtils (= 1.1.1)
  - PMUtils/Foundation+PMUtils (1.1.1)
  - PMUtils/PMAnimationOperation (1.1.1)
  - PMUtils/PMCollectionViewSwipeCell (1.1.1)
  - PMUtils/PMFloatLabel (1.1.1):
    - PMUtils/PMProtocolInterceptor
  - PMUtils/PMGradientView (1.1.1)
  - PMUtils/PMImageFilmstrip (1.1.1):
    - PMUtils/UIKit+PMUtils
  - PMUtils/PMInfiniteScrollView (1.1.1):
    - PMUtils/UIKit+PMUtils
  - PMUtils/PMInnerShadowView (1.1.1)
  - PMUtils/PMKeyboardListener (1.1.1)
  - PMUtils/PMOrderedDictionary (1.1.1)
  - PMUtils/PMProgressHUD (1.1.1):
    - PMUtils/UIKit+PMUtils
  - PMUtils/PMProtocolInterceptor (1.1.1)
  - PMUtils/PMRoundedBorderView (1.1.1)
  - PMUtils/PMStickyHeaderFlowLayout (1.1.1)
  - PMUtils/UIKit+PMUtils (1.1.1):
    - PMUtils/Foundation+PMUtils
    - PMUtils/PMProtocolInterceptor

DEPENDENCIES:
  - PMUtils (from `../`)

EXTERNAL SOURCES:
  PMUtils:
    :path: ../

SPEC CHECKSUMS:
  PMUtils: a454e8c1a9d542d941bc489e10068e2327fc75cc

COCOAPODS: 0.35.0
